
Microsoft Visual Studio Solution File, Format Version 12.00
# Visual Studio Version 17
VisualStudioVersion = 17.13.35828.75 d17.13
MinimumVisualStudioVersion = 10.0.40219.1
Project("{FAE04EC0-301F-11D3-BF4B-00C04F79EFBC}") = "3Capas", "3Capas\3Capas.csproj", "{C11C00E7-E1EB-4C11-805A-3F6DB1E49F60}"
EndProject
Project("{FAE04EC0-301F-11D3-BF4B-00C04F79EFBC}") = "AccesoDatoss", "AccesoDatoss\AccesoDatoss.csproj", "{A666C470-88F4-4AD6-8C6D-2085F5FD54B0}"
EndProject
Project("{FAE04EC0-301F-11D3-BF4B-00C04F79EFBC}") = "Entidadd", "Entidadd\Entidadd.csproj", "{63C9375A-2EAF-4CD4-AF4B-55A878EC0CFC}"
EndProject
Project("{FAE04EC0-301F-11D3-BF4B-00C04F79EFBC}") = "LogicaNegocio", "LogicaNegocio\LogicaNegocio.csproj", "{C09062D8-999A-4385-9D1B-0FF378307C26}"
EndProject
Global
	GlobalSection(SolutionConfigurationPlatforms) = preSolution
		Debug|Any CPU = Debug|Any CPU
		Release|Any CPU = Release|Any CPU
	EndGlobalSection
	GlobalSection(ProjectConfigurationPlatforms) = postSolution
		{C11C00E7-E1EB-4C11-805A-3F6DB1E49F60}.Debug|Any CPU.ActiveCfg = Debug|Any CPU
		{C11C00E7-E1EB-4C11-805A-3F6DB1E49F60}.Debug|Any CPU.Build.0 = Debug|Any CPU
		{C11C00E7-E1EB-4C11-805A-3F6DB1E49F60}.Release|Any CPU.ActiveCfg = Release|Any CPU
		{C11C00E7-E1EB-4C11-805A-3F6DB1E49F60}.Release|Any CPU.Build.0 = Release|Any CPU
		{A666C470-88F4-4AD6-8C6D-2085F5FD54B0}.Debug|Any CPU.ActiveCfg = Debug|Any CPU
		{A666C470-88F4-4AD6-8C6D-2085F5FD54B0}.Debug|Any CPU.Build.0 = Debug|Any CPU
		{A666C470-88F4-4AD6-8C6D-2085F5FD54B0}.Release|Any CPU.ActiveCfg = Release|Any CPU
		{A666C470-88F4-4AD6-8C6D-2085F5FD54B0}.Release|Any CPU.Build.0 = Release|Any CPU
		{63C9375A-2EAF-4CD4-AF4B-55A878EC0CFC}.Debug|Any CPU.ActiveCfg = Debug|Any CPU
		{63C9375A-2EAF-4CD4-AF4B-55A878EC0CFC}.Debug|Any CPU.Build.0 = Debug|Any CPU
		{63C9375A-2EAF-4CD4-AF4B-55A878EC0CFC}.Release|Any CPU.ActiveCfg = Release|Any CPU
		{63C9375A-2EAF-4CD4-AF4B-55A878EC0CFC}.Release|Any CPU.Build.0 = Release|Any CPU
		{C09062D8-999A-4385-9D1B-0FF378307C26}.Debug|Any CPU.ActiveCfg = Debug|Any CPU
		{C09062D8-999A-4385-9D1B-0FF378307C26}.Debug|Any CPU.Build.0 = Debug|Any CPU
		{C09062D8-999A-4385-9D1B-0FF378307C26}.Release|Any CPU.ActiveCfg = Release|Any CPU
		{C09062D8-999A-4385-9D1B-0FF378307C26}.Release|Any CPU.Build.0 = Release|Any CPU
	EndGlobalSection
	GlobalSection(SolutionProperties) = preSolution
		HideSolutionNode = FALSE
	EndGlobalSection
	GlobalSection(ExtensibilityGlobals) = postSolution
		SolutionGuid = {84D87281-5E15-4904-98D5-33757AC2CDA3}
	EndGlobalSection
EndGlobal
